
Microsoft Visual Studio Solution File, Format Version 12.00
# Visual Studio Version 17
VisualStudioVersion = 17.14.36429.23 d17.14
MinimumVisualStudioVersion = 10.0.40219.1
Project("{FAE04EC0-301F-11D3-BF4B-00C04F79EFBC}") = "TriTueNhanTao", "TriTueNhanTao\TriTueNhanTao.csproj", "{70576769-F998-494F-8B7B-66717A8CE5C3}"
EndProject
Global
	GlobalSection(SolutionConfigurationPlatforms) = preSolution
		Debug|Any CPU = Debug|Any CPU
		Release|Any CPU = Release|Any CPU
	EndGlobalSection
	GlobalSection(ProjectConfigurationPlatforms) = postSolution
		{70576769-F998-494F-8B7B-66717A8CE5C3}.Debug|Any CPU.ActiveCfg = Debug|Any CPU
		{70576769-F998-494F-8B7B-66717A8CE5C3}.Debug|Any CPU.Build.0 = Debug|Any CPU
		{70576769-F998-494F-8B7B-66717A8CE5C3}.Release|Any CPU.ActiveCfg = Release|Any CPU
		{70576769-F998-494F-8B7B-66717A8CE5C3}.Release|Any CPU.Build.0 = Release|Any CPU
	EndGlobalSection
	GlobalSection(SolutionProperties) = preSolution
		HideSolutionNode = FALSE
	EndGlobalSection
	GlobalSection(ExtensibilityGlobals) = postSolution
		SolutionGuid = {4FA41E79-96AF-4662-8195-E972D5967AA6}
	EndGlobalSection
EndGlobal
